{
  "name": "ftp-clean",
  "version": "1.0.0",
  "lockfileVersion": 1,
  "requires": true,
  "dependencies": {
    "@actions/core": {
      "version": "1.5.0",
      "resolved": "https://registry.npmjs.org/@actions/core/-/core-1.5.0.tgz",
      "integrity": "sha512-eDOLH1Nq9zh+PJlYLqEMkS/jLQxhksPNmUGNBHfa4G+tQmnIhzpctxmchETtVGyBOvXgOVVpYuE40+eS4cUnwQ=="
    },
    "@icetee/ftp": {
      "version": "1.0.8",
      "resolved": "https://registry.npmjs.org/@icetee/ftp/-/ftp-1.0.8.tgz",
      "integrity": "sha512-zXaOXs5DDqmbLKJY4EiR6YP74FJR7nBFdkk7tkmTJFcPAAMUScJJFP5Xl0LDOErsfbXklulzRN527YRWMSUtvA==",
      "requires": {
        "xregexp": "^3.2.0"
      }
    },
    "bluebird": {
      "version": "2.11.0",
      "resolved": "https://registry.npmjs.org/bluebird/-/bluebird-2.11.0.tgz",
      "integrity": "sha1-U0uQM8AiyVecVro7Plpcqvu2UOE="
    },
    "promise-ftp": {
      "version": "github:taylorgibb/promise-ftp#40a778dee1ff89239cc44f551ff6f59a53e20526",
      "from": "github:taylorgibb/promise-ftp",
      "requires": {
        "@icetee/ftp": "^1.0.8",
        "bluebird": "2.x",
        "promise-ftp-common": "^1.1.5"
      }
    },
    "promise-ftp-common": {
      "version": "1.1.5",
      "resolved": "https://registry.npmjs.org/promise-ftp-common/-/promise-ftp-common-1.1.5.tgz",
      "integrity": "sha1-tPgIKnQDVkdwNQZ2PtsUIw2YZdo="
    },
    "xregexp": {
      "version": "3.2.0",
      "resolved": "https://registry.npmjs.org/xregexp/-/xregexp-3.2.0.tgz",
      "integrity": "sha1-yzYBmHv+JpW1hAAMGPHEqMMih44="
    }
  }
}
